
Microsoft Visual Studio Solution File, Format Version 12.00
# Visual Studio Version 17
VisualStudioVersion = 17.5.002.0
MinimumVisualStudioVersion = 10.0.40219.1
Project("{9A19103F-16F7-4668-BE54-9A1E7A4F7556}") = "W2_Ejercicio_Caluladora_Notas", "W2_Ejercicio_Caluladora_Notas.csproj", "{C3B38989-B9A6-4C80-9A11-224C062B00B2}"
EndProject
Global
	GlobalSection(SolutionConfigurationPlatforms) = preSolution
		Debug|Any CPU = Debug|Any CPU
		Release|Any CPU = Release|Any CPU
	EndGlobalSection
	GlobalSection(ProjectConfigurationPlatforms) = postSolution
		{C3B38989-B9A6-4C80-9A11-224C062B00B2}.Debug|Any CPU.ActiveCfg = Debug|Any CPU
		{C3B38989-B9A6-4C80-9A11-224C062B00B2}.Debug|Any CPU.Build.0 = Debug|Any CPU
		{C3B38989-B9A6-4C80-9A11-224C062B00B2}.Release|Any CPU.ActiveCfg = Release|Any CPU
		{C3B38989-B9A6-4C80-9A11-224C062B00B2}.Release|Any CPU.Build.0 = Release|Any CPU
	EndGlobalSection
	GlobalSection(SolutionProperties) = preSolution
		HideSolutionNode = FALSE
	EndGlobalSection
	GlobalSection(ExtensibilityGlobals) = postSolution
		SolutionGuid = {C66E1449-BF7E-4099-B160-FA887BF93395}
	EndGlobalSection
EndGlobal
